
Microsoft Visual Studio Solution File, Format Version 12.00
# Visual Studio Version 16
VisualStudioVersion = 16.0.30717.126
MinimumVisualStudioVersion = 10.0.40219.1
Project("{FAE04EC0-301F-11D3-BF4B-00C04F79EFBC}") = "MyChessGame", "MyChessGame\MyChessGame.csproj", "{4A437EE6-44D1-41AF-A62B-861C9715D561}"
EndProject
Global
	GlobalSection(SolutionConfigurationPlatforms) = preSolution
		Debug|Any CPU = Debug|Any CPU
		Release|Any CPU = Release|Any CPU
	EndGlobalSection
	GlobalSection(ProjectConfigurationPlatforms) = postSolution
		{4A437EE6-44D1-41AF-A62B-861C9715D561}.Debug|Any CPU.ActiveCfg = Debug|Any CPU
		{4A437EE6-44D1-41AF-A62B-861C9715D561}.Debug|Any CPU.Build.0 = Debug|Any CPU
		{4A437EE6-44D1-41AF-A62B-861C9715D561}.Release|Any CPU.ActiveCfg = Release|Any CPU
		{4A437EE6-44D1-41AF-A62B-861C9715D561}.Release|Any CPU.Build.0 = Release|Any CPU
	EndGlobalSection
	GlobalSection(SolutionProperties) = preSolution
		HideSolutionNode = FALSE
	EndGlobalSection
	GlobalSection(ExtensibilityGlobals) = postSolution
		SolutionGuid = {87CFE0B5-B552-4FB8-A185-129FDC52215F}
	EndGlobalSection
EndGlobal
